
Microsoft Visual Studio Solution File, Format Version 12.00
# Visual Studio 14
VisualStudioVersion = 14.0.23107.0
MinimumVisualStudioVersion = 10.0.40219.1
Project("{FAE04EC0-301F-11D3-BF4B-00C04F79EFBC}") = "generic", "libgame\generic.csproj", "{73CFFF32-B5D0-41A1-820F-0427F5E5E03F}"
EndProject
Project("{FAE04EC0-301F-11D3-BF4B-00C04F79EFBC}") = "log", "log\log.csproj", "{B01ECDBE-2FE4-414D-9CD7-E2AF4231BA05}"
EndProject
Project("{FAE04EC0-301F-11D3-BF4B-00C04F79EFBC}") = "state", "state\state.csproj", "{F9E5AB2A-5C25-43B9-B088-F1804F81D982}"
EndProject
Global
	GlobalSection(SolutionConfigurationPlatforms) = preSolution
		Debug|Any CPU = Debug|Any CPU
		Release|Any CPU = Release|Any CPU
	EndGlobalSection
	GlobalSection(ProjectConfigurationPlatforms) = postSolution
		{73CFFF32-B5D0-41A1-820F-0427F5E5E03F}.Debug|Any CPU.ActiveCfg = Debug|Any CPU
		{73CFFF32-B5D0-41A1-820F-0427F5E5E03F}.Debug|Any CPU.Build.0 = Debug|Any CPU
		{73CFFF32-B5D0-41A1-820F-0427F5E5E03F}.Release|Any CPU.ActiveCfg = Release|Any CPU
		{73CFFF32-B5D0-41A1-820F-0427F5E5E03F}.Release|Any CPU.Build.0 = Release|Any CPU
		{B01ECDBE-2FE4-414D-9CD7-E2AF4231BA05}.Debug|Any CPU.ActiveCfg = Debug|Any CPU
		{B01ECDBE-2FE4-414D-9CD7-E2AF4231BA05}.Debug|Any CPU.Build.0 = Debug|Any CPU
		{B01ECDBE-2FE4-414D-9CD7-E2AF4231BA05}.Release|Any CPU.ActiveCfg = Release|Any CPU
		{B01ECDBE-2FE4-414D-9CD7-E2AF4231BA05}.Release|Any CPU.Build.0 = Release|Any CPU
		{F9E5AB2A-5C25-43B9-B088-F1804F81D982}.Debug|Any CPU.ActiveCfg = Debug|Any CPU
		{F9E5AB2A-5C25-43B9-B088-F1804F81D982}.Debug|Any CPU.Build.0 = Debug|Any CPU
		{F9E5AB2A-5C25-43B9-B088-F1804F81D982}.Release|Any CPU.ActiveCfg = Release|Any CPU
		{F9E5AB2A-5C25-43B9-B088-F1804F81D982}.Release|Any CPU.Build.0 = Release|Any CPU
	EndGlobalSection
	GlobalSection(SolutionProperties) = preSolution
		HideSolutionNode = FALSE
	EndGlobalSection
EndGlobal
